PODS:
  - assets_audio_player (0.0.1):
    - FlutterMacOS
  - assets_audio_player_web (0.0.1):
    - FlutterMacOS
  - Firebase/CoreOnly (7.3.0):
    - FirebaseCore (= 7.3.0)
  - Firebase/Messaging (7.3.0):
    - Firebase/CoreOnly
    - FirebaseMessaging (~> 7.3.0)
  - firebase_core (1.0.1):
    - Firebase/CoreOnly (~> 7.3.0)
    - FlutterMacOS
  - firebase_messaging (9.0.0):
    - Firebase/CoreOnly (~> 7.3.0)
    - Firebase/Messaging (~> 7.3.0)
    - firebase_core
    - FlutterMacOS
  - FirebaseCore (7.3.0):
    - FirebaseCoreDiagnostics (~> 7.0)
    - GoogleUtilities/Environment (~> 7.0)
    - GoogleUtilities/Logger (~> 7.0)
  - FirebaseCoreDiagnostics (7.8.0):
    - GoogleDataTransport (~> 8.0)
    - GoogleUtilities/Environment (~> 7.0)
    - GoogleUtilities/Logger (~> 7.0)
    - nanopb (~> 2.30907.0)
  - FirebaseInstallations (7.8.0):
    - FirebaseCore (~> 7.0)
    - GoogleUtilities/Environment (~> 7.0)
    - GoogleUtilities/UserDefaults (~> 7.0)
    - PromisesObjC (~> 1.2)
  - FirebaseInstanceID (7.8.0):
    - FirebaseCore (~> 7.0)
    - FirebaseInstallations (~> 7.0)
    - GoogleUtilities/Environment (~> 7.0)
    - GoogleUtilities/UserDefaults (~> 7.0)
  - FirebaseMessaging (7.3.0):
    - FirebaseCore (~> 7.0)
    - FirebaseInstanceID (~> 7.0)
    - GoogleUtilities/AppDelegateSwizzler (~> 7.0)
    - GoogleUtilities/Environment (~> 7.0)
    - GoogleUtilities/Reachability (~> 7.0)
    - GoogleUtilities/UserDefaults (~> 7.0)
  - flutter_blue (0.0.1):
    - flutter_blue/Protos (= 0.0.1)
    - FlutterMacOS
  - flutter_blue/Protos (0.0.1):
    - FlutterMacOS
    - Protobuf (~> 3.11.4)
  - FlutterMacOS (1.0.0)
  - GoogleDataTransport (8.3.0):
    - GoogleUtilities/Environment (~> 7.2)
    - nanopb (~> 2.30907.0)
    - PromisesObjC (~> 1.2)
  - GoogleUtilities/AppDelegateSwizzler (7.3.0):
    - GoogleUtilities/Environment
    - GoogleUtilities/Logger
    - GoogleUtilities/Network
  - GoogleUtilities/Environment (7.3.0):
    - PromisesObjC (~> 1.2)
  - GoogleUtilities/Logger (7.3.0):
    - GoogleUtilities/Environment
  - GoogleUtilities/Network (7.3.0):
    - GoogleUtilities/Logger
    - "GoogleUtilities/NSData+zlib"
    - GoogleUtilities/Reachability
  - "GoogleUtilities/NSData+zlib (7.3.0)"
  - GoogleUtilities/Reachability (7.3.0):
    - GoogleUtilities/Logger
  - GoogleUtilities/UserDefaults (7.3.0):
    - GoogleUtilities/Logger
  - mic_stream (0.0.1):
    - FlutterMacOS
  - nanopb (2.30907.0):
    - nanopb/decode (= 2.30907.0)
    - nanopb/encode (= 2.30907.0)
  - nanopb/decode (2.30907.0)
  - nanopb/encode (2.30907.0)
  - network_info_plus_macos (0.0.1):
    - FlutterMacOS
    - Reachability
  - package_info (0.0.1):
    - FlutterMacOS
  - path_provider_macos (0.0.1):
    - FlutterMacOS
  - PromisesObjC (1.2.12)
  - Protobuf (3.11.4)
  - Reachability (3.2)
  - shared_preferences_macos (0.0.1):
    - FlutterMacOS
  - url_launcher_macos (0.0.1):
    - FlutterMacOS

DEPENDENCIES:
  - assets_audio_player (from `Flutter/ephemeral/.symlinks/plugins/assets_audio_player/macos`)
  - assets_audio_player_web (from `Flutter/ephemeral/.symlinks/plugins/assets_audio_player_web/macos`)
  - firebase_core (from `Flutter/ephemeral/.symlinks/plugins/firebase_core/macos`)
  - firebase_messaging (from `Flutter/ephemeral/.symlinks/plugins/firebase_messaging/macos`)
  - flutter_blue (from `Flutter/ephemeral/.symlinks/plugins/flutter_blue/macos`)
  - FlutterMacOS (from `Flutter/ephemeral`)
  - mic_stream (from `Flutter/ephemeral/.symlinks/plugins/mic_stream/macos`)
  - network_info_plus_macos (from `Flutter/ephemeral/.symlinks/plugins/network_info_plus_macos/macos`)
  - package_info (from `Flutter/ephemeral/.symlinks/plugins/package_info/macos`)
  - path_provider_macos (from `Flutter/ephemeral/.symlinks/plugins/path_provider_macos/macos`)
  - shared_preferences_macos (from `Flutter/ephemeral/.symlinks/plugins/shared_preferences_macos/macos`)
  - url_launcher_macos (from `Flutter/ephemeral/.symlinks/plugins/url_launcher_macos/macos`)

SPEC REPOS:
  trunk:
    - Firebase
    - FirebaseCore
    - FirebaseCoreDiagnostics
    - FirebaseInstallations
    - FirebaseInstanceID
    - FirebaseMessaging
    - GoogleDataTransport
    - GoogleUtilities
    - nanopb
    - PromisesObjC
    - Protobuf
    - Reachability

EXTERNAL SOURCES:
  assets_audio_player:
    :path: Flutter/ephemeral/.symlinks/plugins/assets_audio_player/macos
  assets_audio_player_web:
    :path: Flutter/ephemeral/.symlinks/plugins/assets_audio_player_web/macos
  firebase_core:
    :path: Flutter/ephemeral/.symlinks/plugins/firebase_core/macos
  firebase_messaging:
    :path: Flutter/ephemeral/.symlinks/plugins/firebase_messaging/macos
  flutter_blue:
    :path: Flutter/ephemeral/.symlinks/plugins/flutter_blue/macos
  FlutterMacOS:
    :path: Flutter/ephemeral
  mic_stream:
    :path: Flutter/ephemeral/.symlinks/plugins/mic_stream/macos
  network_info_plus_macos:
    :path: Flutter/ephemeral/.symlinks/plugins/network_info_plus_macos/macos
  package_info:
    :path: Flutter/ephemeral/.symlinks/plugins/package_info/macos
  path_provider_macos:
    :path: Flutter/ephemeral/.symlinks/plugins/path_provider_macos/macos
  shared_preferences_macos:
    :path: Flutter/ephemeral/.symlinks/plugins/shared_preferences_macos/macos
  url_launcher_macos:
    :path: Flutter/ephemeral/.symlinks/plugins/url_launcher_macos/macos

SPEC CHECKSUMS:
  assets_audio_player: be2578e6f11dd4d183412e97143673c3c4cb2e8a
  assets_audio_player_web: 917101123b6db8f73156835c0fa266c11340ff15
  Firebase: 26223c695fe322633274198cb19dca8cb7e54416
  firebase_core: d73242f3840dbfff957d43f8cf06326a8e90d118
  firebase_messaging: 050190b9ff0bbe96bca15301eae629e0d9543f2e
  FirebaseCore: 4d3c72622ce0e2106aaa07bb4b2935ba2c370972
  FirebaseCoreDiagnostics: 066f996579cf097bdad3d7dc9a918d6b9e129c50
  FirebaseInstallations: 7f7ed0e7e27fb51f57291e1876e2ddb1524126c1
  FirebaseInstanceID: aaecc93b4528bbcafea12c477e26827719ca1183
  FirebaseMessaging: 68d1bcb14880189558a8ae57167abe0b7e417232
  flutter_blue: 2756506bb10a51e075832da287b48bf5377bdc28
  FlutterMacOS: 57701585bf7de1b3fc2bb61f6378d73bbdea8424
  GoogleDataTransport: b006084b73915a42c28a3466961a4edda3065da6
  GoogleUtilities: abda45f519bc4073aa1171d2f8742108def46017
  mic_stream: cf3e094e51dc1ff991b6b5e612dc0288d5e65f1a
  nanopb: 59221d7f958fb711001e6a449489542d92ae113e
  network_info_plus_macos: 38ec4a578ecdfcddab609f61da3026d0b32900e5
  package_info: 6eba2fd8d3371dda2d85c8db6fe97488f24b74b2
  path_provider_macos: a0a3fd666cb7cd0448e936fb4abad4052961002b
  PromisesObjC: 3113f7f76903778cf4a0586bd1ab89329a0b7b97
  Protobuf: 176220c526ad8bd09ab1fb40a978eac3fef665f7
  Reachability: 33e18b67625424e47b6cde6d202dce689ad7af96
  shared_preferences_macos: 480ce071d0666e37cef23fe6c702293a3d21799e
  url_launcher_macos: 45af3d61de06997666568a7149c1be98b41c95d4

PODFILE CHECKSUM: a884f6dd3f7494f3892ee6c81feea3a3abbf9153

COCOAPODS: 1.10.1
